// !$*UTF8*$!
{
	archiveVersion = 1;
	classes = {
	};
	objectVersion = 51;
	objects = {

/* Begin PBXBuildFile section */
		B402D3EBE5E287B06F45CA0F /* Pods_AuthorisationAppWithPublickAPI.framework in Frameworks */ = {isa = PBXBuildFile; fileRef = 73E545853DACE46B4F6341F8 /* Pods_AuthorisationAppWithPublickAPI.framework */; };
		CC1DD04E26F0282600320C82 /* ChatViewController.swift in Sources */ = {isa = PBXBuildFile; fileRef = CC1DD04D26F0282600320C82 /* ChatViewController.swift */; };
		CC55F0AF26F138E300DB5980 /* Message.swift in Sources */ = {isa = PBXBuildFile; fileRef = CC55F0AE26F138E300DB5980 /* Message.swift */; };
		CC55F0B226F146AC00DB5980 /* MessageCell.swift in Sources */ = {isa = PBXBuildFile; fileRef = CC55F0B026F146AC00DB5980 /* MessageCell.swift */; };
		CC55F0B326F146AC00DB5980 /* MessageCell.xib in Resources */ = {isa = PBXBuildFile; fileRef = CC55F0B126F146AC00DB5980 /* MessageCell.xib */; };
		CC55F0B526F1627800DB5980 /* Constants.swift in Sources */ = {isa = PBXBuildFile; fileRef = CC55F0B426F1627800DB5980 /* Constants.swift */; };
		CC5CEE8126EE95AB002A1B4D /* GoogleService-Info.plist in Resources */ = {isa = PBXBuildFile; fileRef = CC5CEE8026EE95AB002A1B4D /* GoogleService-Info.plist */; };
		CC6147C226ED064800175D5E /* AppDelegate.swift in Sources */ = {isa = PBXBuildFile; fileRef = CC6147C126ED064800175D5E /* AppDelegate.swift */; };
		CC6147C426ED064800175D5E /* SceneDelegate.swift in Sources */ = {isa = PBXBuildFile; fileRef = CC6147C326ED064800175D5E /* SceneDelegate.swift */; };
		CC6147C626ED064800175D5E /* WelcomeViewController.swift in Sources */ = {isa = PBXBuildFile; fileRef = CC6147C526ED064800175D5E /* WelcomeViewController.swift */; };
		CC6147C926ED064800175D5E /* Main.storyboard in Resources */ = {isa = PBXBuildFile; fileRef = CC6147C726ED064800175D5E /* Main.storyboard */; };
		CC6147CB26ED064800175D5E /* Assets.xcassets in Resources */ = {isa = PBXBuildFile; fileRef = CC6147CA26ED064800175D5E /* Assets.xcassets */; };
		CC6147CE26ED064800175D5E /* LaunchScreen.storyboard in Resources */ = {isa = PBXBuildFile; fileRef = CC6147CC26ED064800175D5E /* LaunchScreen.storyboard */; };
		CC6147DD26ED1D2000175D5E /* LoginViewController.swift in Sources */ = {isa = PBXBuildFile; fileRef = CC6147DC26ED1D2000175D5E /* LoginViewController.swift */; };
		CC6147DF26ED1D3600175D5E /* RegisterViewController.swift in Sources */ = {isa = PBXBuildFile; fileRef = CC6147DE26ED1D3600175D5E /* RegisterViewController.swift */; };
/* End PBXBuildFile section */

/* Begin PBXFileReference section */
		73E545853DACE46B4F6341F8 /* Pods_AuthorisationAppWithPublickAPI.framework */ = {isa = PBXFileReference; explicitFileType = wrapper.framework; includeInIndex = 0; path = Pods_AuthorisationAppWithPublickAPI.framework; sourceTree = BUILT_PRODUCTS_DIR; };
		89BF52889F020BE9A78C270C /* Pods-AuthorisationAppWithPublickAPI.debug.xcconfig */ = {isa = PBXFileReference; includeInIndex = 1; lastKnownFileType = text.xcconfig; name = "Pods-AuthorisationAppWithPublickAPI.debug.xcconfig"; path = "Target Support Files/Pods-AuthorisationAppWithPublickAPI/Pods-AuthorisationAppWithPublickAPI.debug.xcconfig"; sourceTree = "<group>"; };
		9BEEB4874543D2A46F361168 /* Pods-AuthorisationAppWithPublickAPI.release.xcconfig */ = {isa = PBXFileReference; includeInIndex = 1; lastKnownFileType = text.xcconfig; name = "Pods-AuthorisationAppWithPublickAPI.release.xcconfig"; path = "Target Support Files/Pods-AuthorisationAppWithPublickAPI/Pods-AuthorisationAppWithPublickAPI.release.xcconfig"; sourceTree = "<group>"; };
		CC1DD04D26F0282600320C82 /* ChatViewController.swift */ = {isa = PBXFileReference; lastKnownFileType = sourcecode.swift; path = ChatViewController.swift; sourceTree = "<group>"; };
		CC55F0AE26F138E300DB5980 /* Message.swift */ = {isa = PBXFileReference; lastKnownFileType = sourcecode.swift; path = Message.swift; sourceTree = "<group>"; };
		CC55F0B026F146AC00DB5980 /* MessageCell.swift */ = {isa = PBXFileReference; lastKnownFileType = sourcecode.swift; path = MessageCell.swift; sourceTree = "<group>"; };
		CC55F0B126F146AC00DB5980 /* MessageCell.xib */ = {isa = PBXFileReference; lastKnownFileType = file.xib; path = MessageCell.xib; sourceTree = "<group>"; };
		CC55F0B426F1627800DB5980 /* Constants.swift */ = {isa = PBXFileReference; lastKnownFileType = sourcecode.swift; path = Constants.swift; sourceTree = "<group>"; };
		CC5CEE8026EE95AB002A1B4D /* GoogleService-Info.plist */ = {isa = PBXFileReference; fileEncoding = 4; lastKnownFileType = text.plist.xml; path = "GoogleService-Info.plist"; sourceTree = "<group>"; };
		CC6147BE26ED064800175D5E /* AuthorisationAppWithPublickAPI.app */ = {isa = PBXFileReference; explicitFileType = wrapper.application; includeInIndex = 0; path = AuthorisationAppWithPublickAPI.app; sourceTree = BUILT_PRODUCTS_DIR; };
		CC6147C126ED064800175D5E /* AppDelegate.swift */ = {isa = PBXFileReference; lastKnownFileType = sourcecode.swift; path = AppDelegate.swift; sourceTree = "<group>"; };
		CC6147C326ED064800175D5E /* SceneDelegate.swift */ = {isa = PBXFileReference; lastKnownFileType = sourcecode.swift; path = SceneDelegate.swift; sourceTree = "<group>"; };
		CC6147C526ED064800175D5E /* WelcomeViewController.swift */ = {isa = PBXFileReference; lastKnownFileType = sourcecode.swift; path = WelcomeViewController.swift; sourceTree = "<group>"; };
		CC6147C826ED064800175D5E /* Base */ = {isa = PBXFileReference; lastKnownFileType = file.storyboard; name = Base; path = Base.lproj/Main.storyboard; sourceTree = "<group>"; };
		CC6147CA26ED064800175D5E /* Assets.xcassets */ = {isa = PBXFileReference; lastKnownFileType = folder.assetcatalog; path = Assets.xcassets; sourceTree = "<group>"; };
		CC6147CD26ED064800175D5E /* Base */ = {isa = PBXFileReference; lastKnownFileType = file.storyboard; name = Base; path = Base.lproj/LaunchScreen.storyboard; sourceTree = "<group>"; };
		CC6147CF26ED064800175D5E /* Info.plist */ = {isa = PBXFileReference; lastKnownFileType = text.plist.xml; path = Info.plist; sourceTree = "<group>"; };
		CC6147DC26ED1D2000175D5E /* LoginViewController.swift */ = {isa = PBXFileReference; lastKnownFileType = sourcecode.swift; path = LoginViewController.swift; sourceTree = "<group>"; };
		CC6147DE26ED1D3600175D5E /* RegisterViewController.swift */ = {isa = PBXFileReference; lastKnownFileType = sourcecode.swift; path = RegisterViewController.swift; sourceTree = "<group>"; };
/* End PBXFileReference section */

/* Begin PBXFrameworksBuildPhase section */
		CC6147BB26ED064800175D5E /* Frameworks */ = {
			isa = PBXFrameworksBuildPhase;
			buildActionMask = 2147483647;
			files = (
				B402D3EBE5E287B06F45CA0F /* Pods_AuthorisationAppWithPublickAPI.framework in Frameworks */,
			);
			runOnlyForDeploymentPostprocessing = 0;
		};
/* End PBXFrameworksBuildPhase section */

/* Begin PBXGroup section */
		65284A4FCF085564F88978AA /* Pods */ = {
			isa = PBXGroup;
			children = (
				89BF52889F020BE9A78C270C /* Pods-AuthorisationAppWithPublickAPI.debug.xcconfig */,
				9BEEB4874543D2A46F361168 /* Pods-AuthorisationAppWithPublickAPI.release.xcconfig */,
			);
			path = Pods;
			sourceTree = "<group>";
		};
		8198543ECC5BF3808C9D80A7 /* Frameworks */ = {
			isa = PBXGroup;
			children = (
				73E545853DACE46B4F6341F8 /* Pods_AuthorisationAppWithPublickAPI.framework */,
			);
			name = Frameworks;
			sourceTree = "<group>";
		};
		CC55F0AD26F138BD00DB5980 /* Model */ = {
			isa = PBXGroup;
			children = (
				CC55F0AE26F138E300DB5980 /* Message.swift */,
			);
			name = Model;
			path = ../Model;
			sourceTree = "<group>";
		};
		CC5CEE7C26EE9301002A1B4D /* Views */ = {
			isa = PBXGroup;
			children = (
				CC6147C726ED064800175D5E /* Main.storyboard */,
				CC55F0B026F146AC00DB5980 /* MessageCell.swift */,
				CC55F0B126F146AC00DB5980 /* MessageCell.xib */,
			);
			path = Views;
			sourceTree = "<group>";
		};
		CC5CEE7D26EE931B002A1B4D /* Controller */ = {
			isa = PBXGroup;
			children = (
				CC6147C526ED064800175D5E /* WelcomeViewController.swift */,
				CC6147DC26ED1D2000175D5E /* LoginViewController.swift */,
				CC6147DE26ED1D3600175D5E /* RegisterViewController.swift */,
				CC1DD04D26F0282600320C82 /* ChatViewController.swift */,
				CC55F0B426F1627800DB5980 /* Constants.swift */,
			);
			path = Controller;
			sourceTree = "<group>";
		};
		CC6147B526ED064800175D5E = {
			isa = PBXGroup;
			children = (
				CC6147C026ED064800175D5E /* AuthorisationAppWithPublickAPI */,
				CC6147BF26ED064800175D5E /* Products */,
				65284A4FCF085564F88978AA /* Pods */,
				8198543ECC5BF3808C9D80A7 /* Frameworks */,
			);
			sourceTree = "<group>";
		};
		CC6147BF26ED064800175D5E /* Products */ = {
			isa = PBXGroup;
			children = (
				CC6147BE26ED064800175D5E /* AuthorisationAppWithPublickAPI.app */,
			);
			name = Products;
			sourceTree = "<group>";
		};
		CC6147C026ED064800175D5E /* AuthorisationAppWithPublickAPI */ = {
			isa = PBXGroup;
			children = (
				CC6147C126ED064800175D5E /* AppDelegate.swift */,
				CC6147C326ED064800175D5E /* SceneDelegate.swift */,
				CC55F0AD26F138BD00DB5980 /* Model */,
				CC5CEE7C26EE9301002A1B4D /* Views */,
				CC5CEE7D26EE931B002A1B4D /* Controller */,
				CC6147CA26ED064800175D5E /* Assets.xcassets */,
				CC6147CC26ED064800175D5E /* LaunchScreen.storyboard */,
				CC6147CF26ED064800175D5E /* Info.plist */,
				CC5CEE8026EE95AB002A1B4D /* GoogleService-Info.plist */,
			);
			path = AuthorisationAppWithPublickAPI;
			sourceTree = "<group>";
		};
/* End PBXGroup section */

/* Begin PBXNativeTarget section */
		CC6147BD26ED064800175D5E /* AuthorisationAppWithPublickAPI */ = {
			isa = PBXNativeTarget;
			buildConfigurationList = CC6147D226ED064800175D5E /* Build configuration list for PBXNativeTarget "AuthorisationAppWithPublickAPI" */;
			buildPhases = (
				824D43B1341E9BD579702B74 /* [CP] Check Pods Manifest.lock */,
				CC6147BA26ED064800175D5E /* Sources */,
				CC6147BB26ED064800175D5E /* Frameworks */,
				CC6147BC26ED064800175D5E /* Resources */,
				7180F221E82AEF0F0600AA04 /* [CP] Embed Pods Frameworks */,
			);
			buildRules = (
			);
			dependencies = (
			);
			name = AuthorisationAppWithPublickAPI;
			productName = AuthorisationAppWithPublickAPI;
			productReference = CC6147BE26ED064800175D5E /* AuthorisationAppWithPublickAPI.app */;
			productType = "com.apple.product-type.application";
		};
/* End PBXNativeTarget section */

/* Begin PBXProject section */
		CC6147B626ED064800175D5E /* Project object */ = {
			isa = PBXProject;
			attributes = {
				LastSwiftUpdateCheck = 1250;
				LastUpgradeCheck = 1250;
				TargetAttributes = {
					CC6147BD26ED064800175D5E = {
						CreatedOnToolsVersion = 12.5.1;
					};
				};
			};
			buildConfigurationList = CC6147B926ED064800175D5E /* Build configuration list for PBXProject "AuthorisationAppWithPublickAPI" */;
			compatibilityVersion = "Xcode 9.3";
			developmentRegion = en;
			hasScannedForEncodings = 0;
			knownRegions = (
				en,
				Base,
			);
			mainGroup = CC6147B526ED064800175D5E;
			productRefGroup = CC6147BF26ED064800175D5E /* Products */;
			projectDirPath = "";
			projectRoot = "";
			targets = (
				CC6147BD26ED064800175D5E /* AuthorisationAppWithPublickAPI */,
			);
		};
/* End PBXProject section */

/* Begin PBXResourcesBuildPhase section */
		CC6147BC26ED064800175D5E /* Resources */ = {
			isa = PBXResourcesBuildPhase;
			buildActionMask = 2147483647;
			files = (
				CC55F0B326F146AC00DB5980 /* MessageCell.xib in Resources */,
				CC6147CE26ED064800175D5E /* LaunchScreen.storyboard in Resources */,
				CC5CEE8126EE95AB002A1B4D /* GoogleService-Info.plist in Resources */,
				CC6147CB26ED064800175D5E /* Assets.xcassets in Resources */,
				CC6147C926ED064800175D5E /* Main.storyboard in Resources */,
			);
			runOnlyForDeploymentPostprocessing = 0;
		};
/* End PBXResourcesBuildPhase section */

/* Begin PBXShellScriptBuildPhase section */
		7180F221E82AEF0F0600AA04 /* [CP] Embed Pods Frameworks */ = {
			isa = PBXShellScriptBuildPhase;
			buildActionMask = 2147483647;
			files = (
			);
			inputFileListPaths = (
				"${PODS_ROOT}/Target Support Files/Pods-AuthorisationAppWithPublickAPI/Pods-AuthorisationAppWithPublickAPI-frameworks-${CONFIGURATION}-input-files.xcfilelist",
			);
			name = "[CP] Embed Pods Frameworks";
			outputFileListPaths = (
				"${PODS_ROOT}/Target Support Files/Pods-AuthorisationAppWithPublickAPI/Pods-AuthorisationAppWithPublickAPI-frameworks-${CONFIGURATION}-output-files.xcfilelist",
			);
			runOnlyForDeploymentPostprocessing = 0;
			shellPath = /bin/sh;
			shellScript = "\"${PODS_ROOT}/Target Support Files/Pods-AuthorisationAppWithPublickAPI/Pods-AuthorisationAppWithPublickAPI-frameworks.sh\"\n";
			showEnvVarsInLog = 0;
		};
		824D43B1341E9BD579702B74 /* [CP] Check Pods Manifest.lock */ = {
			isa = PBXShellScriptBuildPhase;
			buildActionMask = 2147483647;
			files = (
			);
			inputFileListPaths = (
			);
			inputPaths = (
				"${PODS_PODFILE_DIR_PATH}/Podfile.lock",
				"${PODS_ROOT}/Manifest.lock",
			);
			name = "[CP] Check Pods Manifest.lock";
			outputFileListPaths = (
			);
			outputPaths = (
				"$(DERIVED_FILE_DIR)/Pods-AuthorisationAppWithPublickAPI-checkManifestLockResult.txt",
			);
			runOnlyForDeploymentPostprocessing = 0;
			shellPath = /bin/sh;
			shellScript = "diff \"${PODS_PODFILE_DIR_PATH}/Podfile.lock\" \"${PODS_ROOT}/Manifest.lock\" > /dev/null\nif [ $? != 0 ] ; then\n    # print error to STDERR\n    echo \"error: The sandbox is not in sync with the Podfile.lock. Run 'pod install' or update your CocoaPods installation.\" >&2\n    exit 1\nfi\n# This output is used by Xcode 'outputs' to avoid re-running this script phase.\necho \"SUCCESS\" > \"${SCRIPT_OUTPUT_FILE_0}\"\n";
			showEnvVarsInLog = 0;
		};
/* End PBXShellScriptBuildPhase section */

/* Begin PBXSourcesBuildPhase section */
		CC6147BA26ED064800175D5E /* Sources */ = {
			isa = PBXSourcesBuildPhase;
			buildActionMask = 2147483647;
			files = (
				CC1DD04E26F0282600320C82 /* ChatViewController.swift in Sources */,
				CC55F0B226F146AC00DB5980 /* MessageCell.swift in Sources */,
				CC6147C626ED064800175D5E /* WelcomeViewController.swift in Sources */,
				CC6147DF26ED1D3600175D5E /* RegisterViewController.swift in Sources */,
				CC6147C226ED064800175D5E /* AppDelegate.swift in Sources */,
				CC6147DD26ED1D2000175D5E /* LoginViewController.swift in Sources */,
				CC6147C426ED064800175D5E /* SceneDelegate.swift in Sources */,
				CC55F0AF26F138E300DB5980 /* Message.swift in Sources */,
				CC55F0B526F1627800DB5980 /* Constants.swift in Sources */,
			);
			runOnlyForDeploymentPostprocessing = 0;
		};
/* End PBXSourcesBuildPhase section */

/* Begin PBXVariantGroup section */
		CC6147C726ED064800175D5E /* Main.storyboard */ = {
			isa = PBXVariantGroup;
			children = (
				CC6147C826ED064800175D5E /* Base */,
			);
			name = Main.storyboard;
			sourceTree = "<group>";
		};
		CC6147CC26ED064800175D5E /* LaunchScreen.storyboard */ = {
			isa = PBXVariantGroup;
			children = (
				CC6147CD26ED064800175D5E /* Base */,
			);
			name = LaunchScreen.storyboard;
			sourceTree = "<group>";
		};
/* End PBXVariantGroup section */

/* Begin XCBuildConfiguration section */
		CC6147D026ED064800175D5E /* Debug */ = {
			isa = XCBuildConfiguration;
			buildSettings = {
				ALWAYS_SEARCH_USER_PATHS = NO;
				CLANG_ANALYZER_NONNULL = YES;
				CLANG_ANALYZER_NUMBER_OBJECT_CONVERSION = YES_AGGRESSIVE;
				CLANG_CXX_LANGUAGE_STANDARD = "gnu++14";
				CLANG_CXX_LIBRARY = "libc++";
				CLANG_ENABLE_MODULES = YES;
				CLANG_ENABLE_OBJC_ARC = YES;
				CLANG_ENABLE_OBJC_WEAK = YES;
				CLANG_WARN_BLOCK_CAPTURE_AUTORELEASING = YES;
				CLANG_WARN_BOOL_CONVERSION = YES;
				CLANG_WARN_COMMA = YES;
				CLANG_WARN_CONSTANT_CONVERSION = YES;
				CLANG_WARN_DEPRECATED_OBJC_IMPLEMENTATIONS = YES;
				CLANG_WARN_DIRECT_OBJC_ISA_USAGE = YES_ERROR;
				CLANG_WARN_DOCUMENTATION_COMMENTS = YES;
				CLANG_WARN_EMPTY_BODY = YES;
				CLANG_WARN_ENUM_CONVERSION = YES;
				CLANG_WARN_INFINITE_RECURSION = YES;
				CLANG_WARN_INT_CONVERSION = YES;
				CLANG_WARN_NON_LITERAL_NULL_CONVERSION = YES;
				CLANG_WARN_OBJC_IMPLICIT_RETAIN_SELF = YES;
				CLANG_WARN_OBJC_LITERAL_CONVERSION = YES;
				CLANG_WARN_OBJC_ROOT_CLASS = YES_ERROR;
				CLANG_WARN_QUOTED_INCLUDE_IN_FRAMEWORK_HEADER = YES;
				CLANG_WARN_RANGE_LOOP_ANALYSIS = YES;
				CLANG_WARN_STRICT_PROTOTYPES = YES;
				CLANG_WARN_SUSPICIOUS_MOVE = YES;
				CLANG_WARN_UNGUARDED_AVAILABILITY = YES_AGGRESSIVE;
				CLANG_WARN_UNREACHABLE_CODE = YES;
				CLANG_WARN__DUPLICATE_METHOD_MATCH = YES;
				COPY_PHASE_STRIP = NO;
				DEBUG_INFORMATION_FORMAT = dwarf;
				ENABLE_STRICT_OBJC_MSGSEND = YES;
				ENABLE_TESTABILITY = YES;
				GCC_C_LANGUAGE_STANDARD = gnu11;
				GCC_DYNAMIC_NO_PIC = NO;
				GCC_NO_COMMON_BLOCKS = YES;
				GCC_OPTIMIZATION_LEVEL = 0;
				GCC_PREPROCESSOR_DEFINITIONS = (
					"DEBUG=1",
					"$(inherited)",
				);
				GCC_WARN_64_TO_32_BIT_CONVERSION = YES;
				GCC_WARN_ABOUT_RETURN_TYPE = YES_ERROR;
				GCC_WARN_UNDECLARED_SELECTOR = YES;
				GCC_WARN_UNINITIALIZED_AUTOS = YES_AGGRESSIVE;
				GCC_WARN_UNUSED_FUNCTION = YES;
				GCC_WARN_UNUSED_VARIABLE = YES;
				IPHONEOS_DEPLOYMENT_TARGET = 14.5;
				MTL_ENABLE_DEBUG_INFO = INCLUDE_SOURCE;
				MTL_FAST_MATH = YES;
				ONLY_ACTIVE_ARCH = YES;
				SDKROOT = iphoneos;
				SWIFT_ACTIVE_COMPILATION_CONDITIONS = DEBUG;
				SWIFT_OPTIMIZATION_LEVEL = "-Onone";
			};
			name = Debug;
		};
		CC6147D126ED064800175D5E /* Release */ = {
			isa = XCBuildConfiguration;
			buildSettings = {
				ALWAYS_SEARCH_USER_PATHS = NO;
				CLANG_ANALYZER_NONNULL = YES;
				CLANG_ANALYZER_NUMBER_OBJECT_CONVERSION = YES_AGGRESSIVE;
				CLANG_CXX_LANGUAGE_STANDARD = "gnu++14";
				CLANG_CXX_LIBRARY = "libc++";
				CLANG_ENABLE_MODULES = YES;
				CLANG_ENABLE_OBJC_ARC = YES;
				CLANG_ENABLE_OBJC_WEAK = YES;
				CLANG_WARN_BLOCK_CAPTURE_AUTORELEASING = YES;
				CLANG_WARN_BOOL_CONVERSION = YES;
				CLANG_WARN_COMMA = YES;
				CLANG_WARN_CONSTANT_CONVERSION = YES;
				CLANG_WARN_DEPRECATED_OBJC_IMPLEMENTATIONS = YES;
				CLANG_WARN_DIRECT_OBJC_ISA_USAGE = YES_ERROR;
				CLANG_WARN_DOCUMENTATION_COMMENTS = YES;
				CLANG_WARN_EMPTY_BODY = YES;
				CLANG_WARN_ENUM_CONVERSION = YES;
				CLANG_WARN_INFINITE_RECURSION = YES;
				CLANG_WARN_INT_CONVERSION = YES;
				CLANG_WARN_NON_LITERAL_NULL_CONVERSION = YES;
				CLANG_WARN_OBJC_IMPLICIT_RETAIN_SELF = YES;
				CLANG_WARN_OBJC_LITERAL_CONVERSION = YES;
				CLANG_WARN_OBJC_ROOT_CLASS = YES_ERROR;
				CLANG_WARN_QUOTED_INCLUDE_IN_FRAMEWORK_HEADER = YES;
				CLANG_WARN_RANGE_LOOP_ANALYSIS = YES;
				CLANG_WARN_STRICT_PROTOTYPES = YES;
				CLANG_WARN_SUSPICIOUS_MOVE = YES;
				CLANG_WARN_UNGUARDED_AVAILABILITY = YES_AGGRESSIVE;
				CLANG_WARN_UNREACHABLE_CODE = YES;
				CLANG_WARN__DUPLICATE_METHOD_MATCH = YES;
				COPY_PHASE_STRIP = NO;
				DEBUG_INFORMATION_FORMAT = "dwarf-with-dsym";
				ENABLE_NS_ASSERTIONS = NO;
				ENABLE_STRICT_OBJC_MSGSEND = YES;
				GCC_C_LANGUAGE_STANDARD = gnu11;
				GCC_NO_COMMON_BLOCKS = YES;
				GCC_WARN_64_TO_32_BIT_CONVERSION = YES;
				GCC_WARN_ABOUT_RETURN_TYPE = YES_ERROR;
				GCC_WARN_UNDECLARED_SELECTOR = YES;
				GCC_WARN_UNINITIALIZED_AUTOS = YES_AGGRESSIVE;
				GCC_WARN_UNUSED_FUNCTION = YES;
				GCC_WARN_UNUSED_VARIABLE = YES;
				IPHONEOS_DEPLOYMENT_TARGET = 14.5;
				MTL_ENABLE_DEBUG_INFO = NO;
				MTL_FAST_MATH = YES;
				SDKROOT = iphoneos;
				SWIFT_COMPILATION_MODE = wholemodule;
				SWIFT_OPTIMIZATION_LEVEL = "-O";
				VALIDATE_PRODUCT = YES;
			};
			name = Release;
		};
		CC6147D326ED064800175D5E /* Debug */ = {
			isa = XCBuildConfiguration;
			baseConfigurationReference = 89BF52889F020BE9A78C270C /* Pods-AuthorisationAppWithPublickAPI.debug.xcconfig */;
			buildSettings = {
				ASSETCATALOG_COMPILER_APPICON_NAME = AppIcon;
				ASSETCATALOG_COMPILER_GLOBAL_ACCENT_COLOR_NAME = AccentColor;
				CODE_SIGN_STYLE = Automatic;
				DEVELOPMENT_TEAM = WV4T2LN4GH;
				INFOPLIST_FILE = AuthorisationAppWithPublickAPI/Info.plist;
				LD_RUNPATH_SEARCH_PATHS = (
					"$(inherited)",
					"@executable_path/Frameworks",
				);
				PRODUCT_BUNDLE_IDENTIFIER = com.anepodymka.AuthorisationAppWithPublickAPI;
				PRODUCT_NAME = "$(TARGET_NAME)";
				SWIFT_VERSION = 5.0;
				TARGETED_DEVICE_FAMILY = "1,2";
			};
			name = Debug;
		};
		CC6147D426ED064800175D5E /* Release */ = {
			isa = XCBuildConfiguration;
			baseConfigurationReference = 9BEEB4874543D2A46F361168 /* Pods-AuthorisationAppWithPublickAPI.release.xcconfig */;
			buildSettings = {
				ASSETCATALOG_COMPILER_APPICON_NAME = AppIcon;
				ASSETCATALOG_COMPILER_GLOBAL_ACCENT_COLOR_NAME = AccentColor;
				CODE_SIGN_STYLE = Automatic;
				DEVELOPMENT_TEAM = WV4T2LN4GH;
				INFOPLIST_FILE = AuthorisationAppWithPublickAPI/Info.plist;
				LD_RUNPATH_SEARCH_PATHS = (
					"$(inherited)",
					"@executable_path/Frameworks",
				);
				PRODUCT_BUNDLE_IDENTIFIER = com.anepodymka.AuthorisationAppWithPublickAPI;
				PRODUCT_NAME = "$(TARGET_NAME)";
				SWIFT_VERSION = 5.0;
				TARGETED_DEVICE_FAMILY = "1,2";
			};
			name = Release;
		};
/* End XCBuildConfiguration section */

/* Begin XCConfigurationList section */
		CC6147B926ED064800175D5E /* Build configuration list for PBXProject "AuthorisationAppWithPublickAPI" */ = {
			isa = XCConfigurationList;
			buildConfigurations = (
				CC6147D026ED064800175D5E /* Debug */,
				CC6147D126ED064800175D5E /* Release */,
			);
			defaultConfigurationIsVisible = 0;
			defaultConfigurationName = Release;
		};
		CC6147D226ED064800175D5E /* Build configuration list for PBXNativeTarget "AuthorisationAppWithPublickAPI" */ = {
			isa = XCConfigurationList;
			buildConfigurations = (
				CC6147D326ED064800175D5E /* Debug */,
				CC6147D426ED064800175D5E /* Release */,
			);
			defaultConfigurationIsVisible = 0;
			defaultConfigurationName = Release;
		};
/* End XCConfigurationList section */
	};
	rootObject = CC6147B626ED064800175D5E /* Project object */;
}
